
Microsoft Visual Studio Solution File, Format Version 12.00
# Visual Studio Version 16
VisualStudioVersion = 16.0.32126.315
MinimumVisualStudioVersion = 10.0.40219.1
Project("{FAE04EC0-301F-11D3-BF4B-00C04F79EFBC}") = "ServerBusinessLogicTest", "ShopTests\BusinessLogicTests\ServerBusinessLogicTest.csproj", "{D990647D-814F-4941-A025-2DE3977BA4FE}"
EndProject
Project("{FAE04EC0-301F-11D3-BF4B-00C04F79EFBC}") = "ServerDataTests", "ShopTests\DataTests\ServerDataTests.csproj", "{EDD00819-FD5E-4D66-94ED-D80F622FE7A0}"
EndProject
Project("{9A19103F-16F7-4668-BE54-9A1E7A4F7556}") = "ClientBusinessLogic", "Shop\Client\ClientBusinessLogic\ClientBusinessLogic.csproj", "{7B8D6DDD-E533-4083-8F62-C83EA9C80E02}"
EndProject
Project("{9A19103F-16F7-4668-BE54-9A1E7A4F7556}") = "ClientData", "Shop\Client\ClientData\ClientData.csproj", "{7D13F04F-BAAC-45C2-9F22-8E44185C67FA}"
EndProject
Project("{9A19103F-16F7-4668-BE54-9A1E7A4F7556}") = "ServerBusinessLogic", "Shop\Server\ServerBusinessLogic\ServerBusinessLogic.csproj", "{A2EC47E5-7197-4A1C-980F-344CDACE48D7}"
EndProject
Project("{9A19103F-16F7-4668-BE54-9A1E7A4F7556}") = "ServerData", "Shop\Server\ServerData\ServerData.csproj", "{EE961DF4-0821-405A-96FC-AD267A02D4F2}"
EndProject
Project("{FAE04EC0-301F-11D3-BF4B-00C04F79EFBC}") = "ServerPresentation", "Shop\Server\ServerPresentation\ServerPresentation.csproj", "{063E9725-6F94-4318-953E-CCEF65CD6DEF}"
EndProject
Project("{9A19103F-16F7-4668-BE54-9A1E7A4F7556}") = "Model", "Shop\Client\ClientPresentation\Model\Model.csproj", "{BC6351FD-F263-431E-AE47-40B01980C3D0}"
EndProject
Project("{9A19103F-16F7-4668-BE54-9A1E7A4F7556}") = "View", "Shop\Client\ClientPresentation\View\View.csproj", "{82531648-EF08-41B2-A006-9C949EF0C0FA}"
EndProject
Project("{9A19103F-16F7-4668-BE54-9A1E7A4F7556}") = "ViewModel", "Shop\Client\ClientPresentation\ViewModel\ViewModel.csproj", "{7E4D8AF9-2A4D-44EF-AA6B-E31CCA59CB4A}"
EndProject
Project("{FAE04EC0-301F-11D3-BF4B-00C04F79EFBC}") = "ClientDataTests", "ShopTests\ClientDataTests\ClientDataTests.csproj", "{275232F7-320C-4144-9B18-09590741C10F}"
EndProject
Project("{FAE04EC0-301F-11D3-BF4B-00C04F79EFBC}") = "ClientBusinessLogicTests", "ShopTests\ClientBusinessLogicTests\ClientBusinessLogicTests.csproj", "{F3BDCCEA-6C76-411E-B2DB-7EDD88A4FB77}"
EndProject
Project("{9A19103F-16F7-4668-BE54-9A1E7A4F7556}") = "ShopModels", "Shop\ShopModels\ShopModels.csproj", "{92D707D4-DA9F-414F-AACB-89E2381B9CE3}"
EndProject
Global
	GlobalSection(SolutionConfigurationPlatforms) = preSolution
		Debug|Any CPU = Debug|Any CPU
		Release|Any CPU = Release|Any CPU
	EndGlobalSection
	GlobalSection(ProjectConfigurationPlatforms) = postSolution
		{D990647D-814F-4941-A025-2DE3977BA4FE}.Debug|Any CPU.ActiveCfg = Debug|Any CPU
		{D990647D-814F-4941-A025-2DE3977BA4FE}.Debug|Any CPU.Build.0 = Debug|Any CPU
		{D990647D-814F-4941-A025-2DE3977BA4FE}.Release|Any CPU.ActiveCfg = Release|Any CPU
		{D990647D-814F-4941-A025-2DE3977BA4FE}.Release|Any CPU.Build.0 = Release|Any CPU
		{EDD00819-FD5E-4D66-94ED-D80F622FE7A0}.Debug|Any CPU.ActiveCfg = Debug|Any CPU
		{EDD00819-FD5E-4D66-94ED-D80F622FE7A0}.Debug|Any CPU.Build.0 = Debug|Any CPU
		{EDD00819-FD5E-4D66-94ED-D80F622FE7A0}.Release|Any CPU.ActiveCfg = Release|Any CPU
		{EDD00819-FD5E-4D66-94ED-D80F622FE7A0}.Release|Any CPU.Build.0 = Release|Any CPU
		{7B8D6DDD-E533-4083-8F62-C83EA9C80E02}.Debug|Any CPU.ActiveCfg = Debug|Any CPU
		{7B8D6DDD-E533-4083-8F62-C83EA9C80E02}.Debug|Any CPU.Build.0 = Debug|Any CPU
		{7B8D6DDD-E533-4083-8F62-C83EA9C80E02}.Release|Any CPU.ActiveCfg = Release|Any CPU
		{7B8D6DDD-E533-4083-8F62-C83EA9C80E02}.Release|Any CPU.Build.0 = Release|Any CPU
		{7D13F04F-BAAC-45C2-9F22-8E44185C67FA}.Debug|Any CPU.ActiveCfg = Debug|Any CPU
		{7D13F04F-BAAC-45C2-9F22-8E44185C67FA}.Debug|Any CPU.Build.0 = Debug|Any CPU
		{7D13F04F-BAAC-45C2-9F22-8E44185C67FA}.Release|Any CPU.ActiveCfg = Release|Any CPU
		{7D13F04F-BAAC-45C2-9F22-8E44185C67FA}.Release|Any CPU.Build.0 = Release|Any CPU
		{A2EC47E5-7197-4A1C-980F-344CDACE48D7}.Debug|Any CPU.ActiveCfg = Debug|Any CPU
		{A2EC47E5-7197-4A1C-980F-344CDACE48D7}.Debug|Any CPU.Build.0 = Debug|Any CPU
		{A2EC47E5-7197-4A1C-980F-344CDACE48D7}.Release|Any CPU.ActiveCfg = Release|Any CPU
		{A2EC47E5-7197-4A1C-980F-344CDACE48D7}.Release|Any CPU.Build.0 = Release|Any CPU
		{EE961DF4-0821-405A-96FC-AD267A02D4F2}.Debug|Any CPU.ActiveCfg = Debug|Any CPU
		{EE961DF4-0821-405A-96FC-AD267A02D4F2}.Debug|Any CPU.Build.0 = Debug|Any CPU
		{EE961DF4-0821-405A-96FC-AD267A02D4F2}.Release|Any CPU.ActiveCfg = Release|Any CPU
		{EE961DF4-0821-405A-96FC-AD267A02D4F2}.Release|Any CPU.Build.0 = Release|Any CPU
		{063E9725-6F94-4318-953E-CCEF65CD6DEF}.Debug|Any CPU.ActiveCfg = Debug|Any CPU
		{063E9725-6F94-4318-953E-CCEF65CD6DEF}.Debug|Any CPU.Build.0 = Debug|Any CPU
		{063E9725-6F94-4318-953E-CCEF65CD6DEF}.Release|Any CPU.ActiveCfg = Release|Any CPU
		{063E9725-6F94-4318-953E-CCEF65CD6DEF}.Release|Any CPU.Build.0 = Release|Any CPU
		{BC6351FD-F263-431E-AE47-40B01980C3D0}.Debug|Any CPU.ActiveCfg = Debug|Any CPU
		{BC6351FD-F263-431E-AE47-40B01980C3D0}.Debug|Any CPU.Build.0 = Debug|Any CPU
		{BC6351FD-F263-431E-AE47-40B01980C3D0}.Release|Any CPU.ActiveCfg = Release|Any CPU
		{BC6351FD-F263-431E-AE47-40B01980C3D0}.Release|Any CPU.Build.0 = Release|Any CPU
		{82531648-EF08-41B2-A006-9C949EF0C0FA}.Debug|Any CPU.ActiveCfg = Debug|Any CPU
		{82531648-EF08-41B2-A006-9C949EF0C0FA}.Debug|Any CPU.Build.0 = Debug|Any CPU
		{82531648-EF08-41B2-A006-9C949EF0C0FA}.Release|Any CPU.ActiveCfg = Release|Any CPU
		{82531648-EF08-41B2-A006-9C949EF0C0FA}.Release|Any CPU.Build.0 = Release|Any CPU
		{7E4D8AF9-2A4D-44EF-AA6B-E31CCA59CB4A}.Debug|Any CPU.ActiveCfg = Debug|Any CPU
		{7E4D8AF9-2A4D-44EF-AA6B-E31CCA59CB4A}.Debug|Any CPU.Build.0 = Debug|Any CPU
		{7E4D8AF9-2A4D-44EF-AA6B-E31CCA59CB4A}.Release|Any CPU.ActiveCfg = Release|Any CPU
		{7E4D8AF9-2A4D-44EF-AA6B-E31CCA59CB4A}.Release|Any CPU.Build.0 = Release|Any CPU
		{275232F7-320C-4144-9B18-09590741C10F}.Debug|Any CPU.ActiveCfg = Debug|Any CPU
		{275232F7-320C-4144-9B18-09590741C10F}.Debug|Any CPU.Build.0 = Debug|Any CPU
		{275232F7-320C-4144-9B18-09590741C10F}.Release|Any CPU.ActiveCfg = Release|Any CPU
		{275232F7-320C-4144-9B18-09590741C10F}.Release|Any CPU.Build.0 = Release|Any CPU
		{F3BDCCEA-6C76-411E-B2DB-7EDD88A4FB77}.Debug|Any CPU.ActiveCfg = Debug|Any CPU
		{F3BDCCEA-6C76-411E-B2DB-7EDD88A4FB77}.Debug|Any CPU.Build.0 = Debug|Any CPU
		{F3BDCCEA-6C76-411E-B2DB-7EDD88A4FB77}.Release|Any CPU.ActiveCfg = Release|Any CPU
		{F3BDCCEA-6C76-411E-B2DB-7EDD88A4FB77}.Release|Any CPU.Build.0 = Release|Any CPU
		{92D707D4-DA9F-414F-AACB-89E2381B9CE3}.Debug|Any CPU.ActiveCfg = Debug|Any CPU
		{92D707D4-DA9F-414F-AACB-89E2381B9CE3}.Debug|Any CPU.Build.0 = Debug|Any CPU
		{92D707D4-DA9F-414F-AACB-89E2381B9CE3}.Release|Any CPU.ActiveCfg = Release|Any CPU
		{92D707D4-DA9F-414F-AACB-89E2381B9CE3}.Release|Any CPU.Build.0 = Release|Any CPU
	EndGlobalSection
	GlobalSection(SolutionProperties) = preSolution
		HideSolutionNode = FALSE
	EndGlobalSection
	GlobalSection(ExtensibilityGlobals) = postSolution
		SolutionGuid = {CFA6019A-55B8-4C5F-BAE8-34F5A9557EE2}
	EndGlobalSection
EndGlobal
