
Microsoft Visual Studio Solution File, Format Version 12.00
# Visual Studio Version 16
VisualStudioVersion = 16.0.32126.315
MinimumVisualStudioVersion = 10.0.40219.1
Project("{FAE04EC0-301F-11D3-BF4B-00C04F79EFBC}") = "Data", "Shop\Data\Data.csproj", "{223DF63D-8B62-452C-B9C2-9EA54E42C7C5}"
EndProject
Project("{FAE04EC0-301F-11D3-BF4B-00C04F79EFBC}") = "BusinessLogic", "Shop\BusinessLogic\BusinessLogic.csproj", "{2AB1DF17-4346-4DFA-91C1-35E7FAD1DEC3}"
	ProjectSection(ProjectDependencies) = postProject
		{223DF63D-8B62-452C-B9C2-9EA54E42C7C5} = {223DF63D-8B62-452C-B9C2-9EA54E42C7C5}
	EndProjectSection
EndProject
Project("{FAE04EC0-301F-11D3-BF4B-00C04F79EFBC}") = "BusinessLogicTest", "ShopTests\BusinessLogicTests\BusinessLogicTest.csproj", "{D990647D-814F-4941-A025-2DE3977BA4FE}"
	ProjectSection(ProjectDependencies) = postProject
		{2AB1DF17-4346-4DFA-91C1-35E7FAD1DEC3} = {2AB1DF17-4346-4DFA-91C1-35E7FAD1DEC3}
	EndProjectSection
EndProject
Project("{FAE04EC0-301F-11D3-BF4B-00C04F79EFBC}") = "Presentation", "Shop\Presentation\Presentation.csproj", "{5962EFC5-F5DF-466A-8186-D523F19C264B}"
	ProjectSection(ProjectDependencies) = postProject
		{2AB1DF17-4346-4DFA-91C1-35E7FAD1DEC3} = {2AB1DF17-4346-4DFA-91C1-35E7FAD1DEC3}
	EndProjectSection
EndProject
Project("{FAE04EC0-301F-11D3-BF4B-00C04F79EFBC}") = "DataTests", "ShopTests\DataTests\DataTests.csproj", "{EDD00819-FD5E-4D66-94ED-D80F622FE7A0}"
EndProject
Project("{9A19103F-16F7-4668-BE54-9A1E7A4F7556}") = "View", "Shop\Presentation\View\View.csproj", "{FE37DD83-4149-4005-AA77-B90BEBB7A726}"
EndProject
Project("{FAE04EC0-301F-11D3-BF4B-00C04F79EFBC}") = "Model", "Shop\Presentation\Model\Model.csproj", "{0FF4B8C4-DDF4-4DDB-85AC-185528E05B99}"
EndProject
Project("{FAE04EC0-301F-11D3-BF4B-00C04F79EFBC}") = "ViewModel", "Shop\Presentation\ViewModel\ViewModel.csproj", "{F2B65F32-9575-4CAC-80AC-1F85E1575F9A}"
EndProject
Global
	GlobalSection(SolutionConfigurationPlatforms) = preSolution
		Debug|Any CPU = Debug|Any CPU
		Release|Any CPU = Release|Any CPU
	EndGlobalSection
	GlobalSection(ProjectConfigurationPlatforms) = postSolution
		{223DF63D-8B62-452C-B9C2-9EA54E42C7C5}.Debug|Any CPU.ActiveCfg = Debug|Any CPU
		{223DF63D-8B62-452C-B9C2-9EA54E42C7C5}.Debug|Any CPU.Build.0 = Debug|Any CPU
		{223DF63D-8B62-452C-B9C2-9EA54E42C7C5}.Release|Any CPU.ActiveCfg = Release|Any CPU
		{223DF63D-8B62-452C-B9C2-9EA54E42C7C5}.Release|Any CPU.Build.0 = Release|Any CPU
		{2AB1DF17-4346-4DFA-91C1-35E7FAD1DEC3}.Debug|Any CPU.ActiveCfg = Debug|Any CPU
		{2AB1DF17-4346-4DFA-91C1-35E7FAD1DEC3}.Debug|Any CPU.Build.0 = Debug|Any CPU
		{2AB1DF17-4346-4DFA-91C1-35E7FAD1DEC3}.Release|Any CPU.ActiveCfg = Release|Any CPU
		{2AB1DF17-4346-4DFA-91C1-35E7FAD1DEC3}.Release|Any CPU.Build.0 = Release|Any CPU
		{D990647D-814F-4941-A025-2DE3977BA4FE}.Debug|Any CPU.ActiveCfg = Debug|Any CPU
		{D990647D-814F-4941-A025-2DE3977BA4FE}.Debug|Any CPU.Build.0 = Debug|Any CPU
		{D990647D-814F-4941-A025-2DE3977BA4FE}.Release|Any CPU.ActiveCfg = Release|Any CPU
		{D990647D-814F-4941-A025-2DE3977BA4FE}.Release|Any CPU.Build.0 = Release|Any CPU
		{5962EFC5-F5DF-466A-8186-D523F19C264B}.Debug|Any CPU.ActiveCfg = Debug|Any CPU
		{5962EFC5-F5DF-466A-8186-D523F19C264B}.Debug|Any CPU.Build.0 = Debug|Any CPU
		{5962EFC5-F5DF-466A-8186-D523F19C264B}.Release|Any CPU.ActiveCfg = Release|Any CPU
		{5962EFC5-F5DF-466A-8186-D523F19C264B}.Release|Any CPU.Build.0 = Release|Any CPU
		{EDD00819-FD5E-4D66-94ED-D80F622FE7A0}.Debug|Any CPU.ActiveCfg = Debug|Any CPU
		{EDD00819-FD5E-4D66-94ED-D80F622FE7A0}.Debug|Any CPU.Build.0 = Debug|Any CPU
		{EDD00819-FD5E-4D66-94ED-D80F622FE7A0}.Release|Any CPU.ActiveCfg = Release|Any CPU
		{EDD00819-FD5E-4D66-94ED-D80F622FE7A0}.Release|Any CPU.Build.0 = Release|Any CPU
		{FE37DD83-4149-4005-AA77-B90BEBB7A726}.Debug|Any CPU.ActiveCfg = Debug|Any CPU
		{FE37DD83-4149-4005-AA77-B90BEBB7A726}.Debug|Any CPU.Build.0 = Debug|Any CPU
		{FE37DD83-4149-4005-AA77-B90BEBB7A726}.Release|Any CPU.ActiveCfg = Release|Any CPU
		{FE37DD83-4149-4005-AA77-B90BEBB7A726}.Release|Any CPU.Build.0 = Release|Any CPU
		{0FF4B8C4-DDF4-4DDB-85AC-185528E05B99}.Debug|Any CPU.ActiveCfg = Debug|Any CPU
		{0FF4B8C4-DDF4-4DDB-85AC-185528E05B99}.Debug|Any CPU.Build.0 = Debug|Any CPU
		{0FF4B8C4-DDF4-4DDB-85AC-185528E05B99}.Release|Any CPU.ActiveCfg = Release|Any CPU
		{0FF4B8C4-DDF4-4DDB-85AC-185528E05B99}.Release|Any CPU.Build.0 = Release|Any CPU
		{F2B65F32-9575-4CAC-80AC-1F85E1575F9A}.Debug|Any CPU.ActiveCfg = Debug|Any CPU
		{F2B65F32-9575-4CAC-80AC-1F85E1575F9A}.Debug|Any CPU.Build.0 = Debug|Any CPU
		{F2B65F32-9575-4CAC-80AC-1F85E1575F9A}.Release|Any CPU.ActiveCfg = Release|Any CPU
		{F2B65F32-9575-4CAC-80AC-1F85E1575F9A}.Release|Any CPU.Build.0 = Release|Any CPU
	EndGlobalSection
	GlobalSection(SolutionProperties) = preSolution
		HideSolutionNode = FALSE
	EndGlobalSection
	GlobalSection(ExtensibilityGlobals) = postSolution
		SolutionGuid = {CFA6019A-55B8-4C5F-BAE8-34F5A9557EE2}
	EndGlobalSection
EndGlobal
